hash: 3ec3795614d2110d6c22b9c328a58a6e05fa864aba0a4bbb22aafc103fa1538e
updated: 2016-05-06T22:40:56.3664558+03:00
imports:
- name: github.com/Sirupsen/logrus
  version: cd7d1bbe41066b6c1f19780f895901052150a575
  subpackages:
  - github.com\Sirupsen\logrus
- name: golang.org/x/sys
  version: b776ec39b3e54652e09028aaaaac9757f4f8211a
  subpackages:
  - golang.org\x\sys\unix
devImports: []
